
Microsoft Visual Studio Solution File, Format Version 12.00
# Visual Studio Version 17
VisualStudioVersion = 17.3.32901.215
MinimumVisualStudioVersion = 10.0.40219.1
Project("{9A19103F-16F7-4668-BE54-9A1E7A4F7556}") = "Artemis.Plugins.Misc", "Artemis.Plugins.Misc.csproj", "{0389EDD0-9EEF-4268-BD56-4287482BBF7C}"
EndProject
Global
	GlobalSection(SolutionConfigurationPlatforms) = preSolution
		Debug|x64 = Debug|x64
		Release|x64 = Release|x64
	EndGlobalSection
	GlobalSection(ProjectConfigurationPlatforms) = postSolution
		{0389EDD0-9EEF-4268-BD56-4287482BBF7C}.Debug|x64.ActiveCfg = Debug|x64
		{0389EDD0-9EEF-4268-BD56-4287482BBF7C}.Debug|x64.Build.0 = Debug|x64
		{0389EDD0-9EEF-4268-BD56-4287482BBF7C}.Release|x64.ActiveCfg = Release|x64
		{0389EDD0-9EEF-4268-BD56-4287482BBF7C}.Release|x64.Build.0 = Release|x64
	EndGlobalSection
	GlobalSection(SolutionProperties) = preSolution
		HideSolutionNode = FALSE
	EndGlobalSection
	GlobalSection(ExtensibilityGlobals) = postSolution
		SolutionGuid = {B8170AFF-25F9-4AFF-AE0D-C6BDC79AC200}
	EndGlobalSection
EndGlobal
